<?xml version="1.0" encoding="utf-8"?>
<Project ToolsVersion="4.0" xmlns="http://schemas.microsoft.com/developer/msbuild/2003">
  <ItemGroup>
    <Filter Include="win32">
      <UniqueIdentifier>{84a8ebd7-7cf0-47f6-b75e-d441df67da40}</UniqueIdentifier>
    </Filter>
    <Filter Include="resource">
      <UniqueIdentifier>{715254bc-d70b-4ec5-bf29-467dd3ace079}</UniqueIdentifier>
    </Filter>
    <Filter Include="src">
      <UniqueIdentifier>{bb6c862e-70e9-49d9-81b7-3829a6f50471}</UniqueIdentifier>
    </Filter>
  </ItemGroup>
  <ItemGroup>
    <ClCompile Include="main.cpp">
      <Filter>win32</Filter>
    </ClCompile>
    <ClCompile Include="..\Classes\AppDelegate.cpp">
      <Filter>src</Filter>
    </ClCompile>
    <ClCompile Include="..\Classes\BaseScene.cpp">
      <Filter>src</Filter>
    </ClCompile>
    <ClCompile Include="..\Classes\DebugScene.cpp">
      <Filter>src</Filter>
    </ClCompile>
    <ClCompile Include="..\Classes\GameMask.cpp">
      <Filter>src</Filter>
    </ClCompile>
    <ClCompile Include="..\Classes\GameScene.cpp">
      <Filter>src</Filter>
    </ClCompile>
    <ClCompile Include="..\Classes\GameSquare.cpp">
      <Filter>src</Filter>
    </ClCompile>
    <ClCompile Include="..\Classes\GameSquareSequence.cpp">
      <Filter>src</Filter>
    </ClCompile>
    <ClCompile Include="..\Classes\HorizontalGameMask.cpp">
      <Filter>src</Filter>
    </ClCompile>
    <ClCompile Include="..\Classes\LevelSelectScene.cpp">
      <Filter>src</Filter>
    </ClCompile>
    <ClCompile Include="..\Classes\SquareTapper.cpp">
      <Filter>src</Filter>
    </ClCompile>
    <ClCompile Include="..\Classes\StarImage.cpp">
      <Filter>src</Filter>
    </ClCompile>
    <ClCompile Include="..\Classes\ToggleGameMask.cpp">
      <Filter>src</Filter>
    </ClCompile>
    <ClCompile Include="..\Classes\TutorialScene_DoubleTap.cpp">
      <Filter>src</Filter>
    </ClCompile>
    <ClCompile Include="..\Classes\TutorialScene_Standard.cpp">
      <Filter>src</Filter>
    </ClCompile>
    <ClCompile Include="..\Classes\VerticalGameMask.cpp">
      <Filter>src</Filter>
    </ClCompile>
  </ItemGroup>
  <ItemGroup>
    <ClInclude Include="main.h">
      <Filter>win32</Filter>
    </ClInclude>
    <ClInclude Include="..\Classes\AppDelegate.h">
      <Filter>src</Filter>
    </ClInclude>
    <ClInclude Include="..\Classes\BaseScene.h">
      <Filter>src</Filter>
    </ClInclude>
    <ClInclude Include="..\Classes\DebugScene.h">
      <Filter>src</Filter>
    </ClInclude>
    <ClInclude Include="..\Classes\GameMask.h">
      <Filter>src</Filter>
    </ClInclude>
    <ClInclude Include="..\Classes\GameScene.h">
      <Filter>src</Filter>
    </ClInclude>
    <ClInclude Include="..\Classes\GameSquare.h">
      <Filter>src</Filter>
    </ClInclude>
    <ClInclude Include="..\Classes\GameSquareSequence.h">
      <Filter>src</Filter>
    </ClInclude>
    <ClInclude Include="..\Classes\HorizontalGameMask.h">
      <Filter>src</Filter>
    </ClInclude>
    <ClInclude Include="..\Classes\LevelSelectScene.h">
      <Filter>src</Filter>
    </ClInclude>
    <ClInclude Include="..\Classes\SquareTapper.h">
      <Filter>src</Filter>
    </ClInclude>
    <ClInclude Include="..\Classes\StarImage.h">
      <Filter>src</Filter>
    </ClInclude>
    <ClInclude Include="..\Classes\ToggleGameMask.h">
      <Filter>src</Filter>
    </ClInclude>
    <ClInclude Include="..\Classes\TutorialScene_DoubleTap.h">
      <Filter>src</Filter>
    </ClInclude>
    <ClInclude Include="..\Classes\TutorialScene_Standard.h">
      <Filter>src</Filter>
    </ClInclude>
    <ClInclude Include="..\Classes\VerticalGameMask.h">
      <Filter>src</Filter>
    </ClInclude>
  </ItemGroup>
  <ItemGroup>
    <ResourceCompile Include="game.rc">
      <Filter>resource</Filter>
    </ResourceCompile>
  </ItemGroup>
</Project>